
Microsoft Visual Studio Solution File, Format Version 12.00
# Visual Studio Version 16
VisualStudioVersion = 16.0.28803.452
MinimumVisualStudioVersion = 10.0.40219.1
Project("{FAE04EC0-301F-11D3-BF4B-00C04F79EFBC}") = "ObjectsAsStates", "ObjectsAsStates\ObjectsAsStates.csproj", "{B436E37F-4EC2-41CB-9FE5-F707F10C5828}"
EndProject
Global
	GlobalSection(SolutionConfigurationPlatforms) = preSolution
		Debug|Any CPU = Debug|Any CPU
		Release|Any CPU = Release|Any CPU
	EndGlobalSection
	GlobalSection(ProjectConfigurationPlatforms) = postSolution
		{B436E37F-4EC2-41CB-9FE5-F707F10C5828}.Debug|Any CPU.ActiveCfg = Debug|Any CPU
		{B436E37F-4EC2-41CB-9FE5-F707F10C5828}.Debug|Any CPU.Build.0 = Debug|Any CPU
		{B436E37F-4EC2-41CB-9FE5-F707F10C5828}.Release|Any CPU.ActiveCfg = Release|Any CPU
		{B436E37F-4EC2-41CB-9FE5-F707F10C5828}.Release|Any CPU.Build.0 = Release|Any CPU
	EndGlobalSection
	GlobalSection(SolutionProperties) = preSolution
		HideSolutionNode = FALSE
	EndGlobalSection
	GlobalSection(ExtensibilityGlobals) = postSolution
		SolutionGuid = {675422D1-F972-4DC2-9DF7-94E0992D8A21}
	EndGlobalSection
EndGlobal
